
Microsoft Visual Studio Solution File, Format Version 12.00
# Visual Studio Version 17
VisualStudioVersion = 17.5.33414.496
MinimumVisualStudioVersion = 10.0.40219.1
Project("{FAE04EC0-301F-11D3-BF4B-00C04F79EFBC}") = "AINouveau", "AINouveau\AINouveau.csproj", "{9A36D5AE-C836-45A1-8001-A3AFD036D2B1}"
EndProject
Global
	GlobalSection(SolutionConfigurationPlatforms) = preSolution
		Debug|Any CPU = Debug|Any CPU
		Release|Any CPU = Release|Any CPU
	EndGlobalSection
	GlobalSection(ProjectConfigurationPlatforms) = postSolution
		{9A36D5AE-C836-45A1-8001-A3AFD036D2B1}.Debug|Any CPU.ActiveCfg = Debug|Any CPU
		{9A36D5AE-C836-45A1-8001-A3AFD036D2B1}.Debug|Any CPU.Build.0 = Debug|Any CPU
		{9A36D5AE-C836-45A1-8001-A3AFD036D2B1}.Release|Any CPU.ActiveCfg = Release|Any CPU
		{9A36D5AE-C836-45A1-8001-A3AFD036D2B1}.Release|Any CPU.Build.0 = Release|Any CPU
	EndGlobalSection
	GlobalSection(SolutionProperties) = preSolution
		HideSolutionNode = FALSE
	EndGlobalSection
	GlobalSection(ExtensibilityGlobals) = postSolution
		SolutionGuid = {7EF93828-308E-4CEB-81B6-2997FBE077FF}
	EndGlobalSection
EndGlobal
